
Microsoft Visual Studio Solution File, Format Version 12.00
# Visual Studio Version 17
VisualStudioVersion = 17.0.31903.59
MinimumVisualStudioVersion = 10.0.40219.1
Project("{FAE04EC0-301F-11D3-BF4B-00C04F79EFBC}") = "EduPlayPowerPointAddinVsto", "EduPlayPowerPointAddinVsto\\EduPlayPowerPointAddinVsto.csproj", "{C2D1B4E4-9C3A-4B19-9F3B-9D9C0B7A1A21}"
EndProject
Project("{FAE04EC0-301F-11D3-BF4B-00C04F79EFBC}") = "EduPlayPowerPointAddin.Core", "EduPlayPowerPointAddin.Core\EduPlayPowerPointAddin.Core.csproj", "{F73A5EC5-6549-4D56-AEB7-6FE892A45D47}"
EndProject
Project("{FAE04EC0-301F-11D3-BF4B-00C04F79EFBC}") = "EduPlayPowerPointAddin.Core.Tests", "EduPlayPowerPointAddin.Core.Tests\EduPlayPowerPointAddin.Core.Tests.csproj", "{739942D2-A926-46F3-9455-E62076ABB313}"
EndProject
Global
	GlobalSection(SolutionConfigurationPlatforms) = preSolution
		Debug|Any CPU = Debug|Any CPU
		Debug|x64 = Debug|x64
		Debug|x86 = Debug|x86
		Release|Any CPU = Release|Any CPU
		Release|x64 = Release|x64
		Release|x86 = Release|x86
	EndGlobalSection
	GlobalSection(ProjectConfigurationPlatforms) = postSolution
		{C2D1B4E4-9C3A-4B19-9F3B-9D9C0B7A1A21}.Debug|Any CPU.ActiveCfg = Debug|Any CPU
		{C2D1B4E4-9C3A-4B19-9F3B-9D9C0B7A1A21}.Debug|Any CPU.Build.0 = Debug|Any CPU
		{C2D1B4E4-9C3A-4B19-9F3B-9D9C0B7A1A21}.Debug|x64.ActiveCfg = Debug|Any CPU
		{C2D1B4E4-9C3A-4B19-9F3B-9D9C0B7A1A21}.Debug|x64.Build.0 = Debug|Any CPU
		{C2D1B4E4-9C3A-4B19-9F3B-9D9C0B7A1A21}.Debug|x86.ActiveCfg = Debug|Any CPU
		{C2D1B4E4-9C3A-4B19-9F3B-9D9C0B7A1A21}.Debug|x86.Build.0 = Debug|Any CPU
		{C2D1B4E4-9C3A-4B19-9F3B-9D9C0B7A1A21}.Release|Any CPU.ActiveCfg = Release|Any CPU
		{C2D1B4E4-9C3A-4B19-9F3B-9D9C0B7A1A21}.Release|Any CPU.Build.0 = Release|Any CPU
		{C2D1B4E4-9C3A-4B19-9F3B-9D9C0B7A1A21}.Release|x64.ActiveCfg = Release|Any CPU
		{C2D1B4E4-9C3A-4B19-9F3B-9D9C0B7A1A21}.Release|x64.Build.0 = Release|Any CPU
		{C2D1B4E4-9C3A-4B19-9F3B-9D9C0B7A1A21}.Release|x86.ActiveCfg = Release|Any CPU
		{C2D1B4E4-9C3A-4B19-9F3B-9D9C0B7A1A21}.Release|x86.Build.0 = Release|Any CPU
		{F73A5EC5-6549-4D56-AEB7-6FE892A45D47}.Debug|Any CPU.ActiveCfg = Debug|Any CPU
		{F73A5EC5-6549-4D56-AEB7-6FE892A45D47}.Debug|Any CPU.Build.0 = Debug|Any CPU
		{F73A5EC5-6549-4D56-AEB7-6FE892A45D47}.Debug|x64.ActiveCfg = Debug|Any CPU
		{F73A5EC5-6549-4D56-AEB7-6FE892A45D47}.Debug|x64.Build.0 = Debug|Any CPU
		{F73A5EC5-6549-4D56-AEB7-6FE892A45D47}.Debug|x86.ActiveCfg = Debug|Any CPU
		{F73A5EC5-6549-4D56-AEB7-6FE892A45D47}.Debug|x86.Build.0 = Debug|Any CPU
		{F73A5EC5-6549-4D56-AEB7-6FE892A45D47}.Release|Any CPU.ActiveCfg = Release|Any CPU
		{F73A5EC5-6549-4D56-AEB7-6FE892A45D47}.Release|Any CPU.Build.0 = Release|Any CPU
		{F73A5EC5-6549-4D56-AEB7-6FE892A45D47}.Release|x64.ActiveCfg = Release|Any CPU
		{F73A5EC5-6549-4D56-AEB7-6FE892A45D47}.Release|x64.Build.0 = Release|Any CPU
		{F73A5EC5-6549-4D56-AEB7-6FE892A45D47}.Release|x86.ActiveCfg = Release|Any CPU
		{F73A5EC5-6549-4D56-AEB7-6FE892A45D47}.Release|x86.Build.0 = Release|Any CPU
		{739942D2-A926-46F3-9455-E62076ABB313}.Debug|Any CPU.ActiveCfg = Debug|Any CPU
		{739942D2-A926-46F3-9455-E62076ABB313}.Debug|Any CPU.Build.0 = Debug|Any CPU
		{739942D2-A926-46F3-9455-E62076ABB313}.Debug|x64.ActiveCfg = Debug|Any CPU
		{739942D2-A926-46F3-9455-E62076ABB313}.Debug|x64.Build.0 = Debug|Any CPU
		{739942D2-A926-46F3-9455-E62076ABB313}.Debug|x86.ActiveCfg = Debug|Any CPU
		{739942D2-A926-46F3-9455-E62076ABB313}.Debug|x86.Build.0 = Debug|Any CPU
		{739942D2-A926-46F3-9455-E62076ABB313}.Release|Any CPU.ActiveCfg = Release|Any CPU
		{739942D2-A926-46F3-9455-E62076ABB313}.Release|Any CPU.Build.0 = Release|Any CPU
		{739942D2-A926-46F3-9455-E62076ABB313}.Release|x64.ActiveCfg = Release|Any CPU
		{739942D2-A926-46F3-9455-E62076ABB313}.Release|x64.Build.0 = Release|Any CPU
		{739942D2-A926-46F3-9455-E62076ABB313}.Release|x86.ActiveCfg = Release|Any CPU
		{739942D2-A926-46F3-9455-E62076ABB313}.Release|x86.Build.0 = Release|Any CPU
	EndGlobalSection
	GlobalSection(SolutionProperties) = preSolution
		HideSolutionNode = FALSE
	EndGlobalSection
EndGlobal
